// !$*UTF8*$!
{
	archiveVersion = 1;
	classes = {
	};
	objectVersion = 48;
	objects = {

/* Begin PBXBuildFile section */
		6A8288AF1FF47952000DBC7A /* AppDelegate.swift in Sources */ = {isa = PBXBuildFile; fileRef = 6A8288AE1FF47952000DBC7A /* AppDelegate.swift */; };
		6A8288B11FF47952000DBC7A /* ViewController.swift in Sources */ = {isa = PBXBuildFile; fileRef = 6A8288B01FF47952000DBC7A /* ViewController.swift */; };
		6A8288B31FF47952000DBC7A /* Assets.xcassets in Resources */ = {isa = PBXBuildFile; fileRef = 6A8288B21FF47952000DBC7A /* Assets.xcassets */; };
		6A8288B61FF47952000DBC7A /* Main.storyboard in Resources */ = {isa = PBXBuildFile; fileRef = 6A8288B41FF47952000DBC7A /* Main.storyboard */; };
		6A8288C21FF47953000DBC7A /* FVPlayerTests.swift in Sources */ = {isa = PBXBuildFile; fileRef = 6A8288C11FF47953000DBC7A /* FVPlayerTests.swift */; };
		6A8288CD1FF47953000DBC7A /* FVPlayerUITests.swift in Sources */ = {isa = PBXBuildFile; fileRef = 6A8288CC1FF47953000DBC7A /* FVPlayerUITests.swift */; };
		6A8288DB1FF47B03000DBC7A /* happy.jpg in Resources */ = {isa = PBXBuildFile; fileRef = 6A8288DA1FF47B03000DBC7A /* happy.jpg */; };
/* End PBXBuildFile section */

/* Begin PBXContainerItemProxy section */
		6A8288BE1FF47953000DBC7A /* PBXContainerItemProxy */ = {
			isa = PBXContainerItemProxy;
			containerPortal = 6A8288A31FF47952000DBC7A /* Project object */;
			proxyType = 1;
			remoteGlobalIDString = 6A8288AA1FF47952000DBC7A;
			remoteInfo = FVPlayer;
		};
		6A8288C91FF47953000DBC7A /* PBXContainerItemProxy */ = {
			isa = PBXContainerItemProxy;
			containerPortal = 6A8288A31FF47952000DBC7A /* Project object */;
			proxyType = 1;
			remoteGlobalIDString = 6A8288AA1FF47952000DBC7A;
			remoteInfo = FVPlayer;
		};
/* End PBXContainerItemProxy section */

/* Begin PBXFileReference section */
		6A8288AB1FF47952000DBC7A /* FVPlayer.app */ = {isa = PBXFileReference; explicitFileType = wrapper.application; includeInIndex = 0; path = FVPlayer.app; sourceTree = BUILT_PRODUCTS_DIR; };
		6A8288AE1FF47952000DBC7A /* AppDelegate.swift */ = {isa = PBXFileReference; lastKnownFileType = sourcecode.swift; path = AppDelegate.swift; sourceTree = "<group>"; };
		6A8288B01FF47952000DBC7A /* ViewController.swift */ = {isa = PBXFileReference; lastKnownFileType = sourcecode.swift; path = ViewController.swift; sourceTree = "<group>"; };
		6A8288B21FF47952000DBC7A /* Assets.xcassets */ = {isa = PBXFileReference; lastKnownFileType = folder.assetcatalog; path = Assets.xcassets; sourceTree = "<group>"; };
		6A8288B51FF47952000DBC7A /* Base */ = {isa = PBXFileReference; lastKnownFileType = file.storyboard; name = Base; path = Base.lproj/Main.storyboard; sourceTree = "<group>"; };
		6A8288B71FF47952000DBC7A /* Info.plist */ = {isa = PBXFileReference; lastKnownFileType = text.plist.xml; path = Info.plist; sourceTree = "<group>"; };
		6A8288B81FF47952000DBC7A /* FVPlayer.entitlements */ = {isa = PBXFileReference; lastKnownFileType = text.plist.entitlements; path = FVPlayer.entitlements; sourceTree = "<group>"; };
		6A8288BD1FF47953000DBC7A /* FVPlayerTests.xctest */ = {isa = PBXFileReference; explicitFileType = wrapper.cfbundle; includeInIndex = 0; path = FVPlayerTests.xctest; sourceTree = BUILT_PRODUCTS_DIR; };
		6A8288C11FF47953000DBC7A /* FVPlayerTests.swift */ = {isa = PBXFileReference; lastKnownFileType = sourcecode.swift; path = FVPlayerTests.swift; sourceTree = "<group>"; };
		6A8288C31FF47953000DBC7A /* Info.plist */ = {isa = PBXFileReference; lastKnownFileType = text.plist.xml; path = Info.plist; sourceTree = "<group>"; };
		6A8288C81FF47953000DBC7A /* FVPlayerUITests.xctest */ = {isa = PBXFileReference; explicitFileType = wrapper.cfbundle; includeInIndex = 0; path = FVPlayerUITests.xctest; sourceTree = BUILT_PRODUCTS_DIR; };
		6A8288CC1FF47953000DBC7A /* FVPlayerUITests.swift */ = {isa = PBXFileReference; lastKnownFileType = sourcecode.swift; path = FVPlayerUITests.swift; sourceTree = "<group>"; };
		6A8288CE1FF47953000DBC7A /* Info.plist */ = {isa = PBXFileReference; lastKnownFileType = text.plist.xml; path = Info.plist; sourceTree = "<group>"; };
		6A8288DA1FF47B03000DBC7A /* happy.jpg */ = {isa = PBXFileReference; lastKnownFileType = image.jpeg; path = happy.jpg; sourceTree = "<group>"; };
/* End PBXFileReference section */

/* Begin PBXFrameworksBuildPhase section */
		6A8288A81FF47952000DBC7A /* Frameworks */ = {
			isa = PBXFrameworksBuildPhase;
			buildActionMask = 2147483647;
			files = (
			);
			runOnlyForDeploymentPostprocessing = 0;
		};
		6A8288BA1FF47953000DBC7A /* Frameworks */ = {
			isa = PBXFrameworksBuildPhase;
			buildActionMask = 2147483647;
			files = (
			);
			runOnlyForDeploymentPostprocessing = 0;
		};
		6A8288C51FF47953000DBC7A /* Frameworks */ = {
			isa = PBXFrameworksBuildPhase;
			buildActionMask = 2147483647;
			files = (
			);
			runOnlyForDeploymentPostprocessing = 0;
		};
/* End PBXFrameworksBuildPhase section */

/* Begin PBXGroup section */
		6A8288A21FF47952000DBC7A = {
			isa = PBXGroup;
			children = (
				6A8288AD1FF47952000DBC7A /* FVPlayer */,
				6A8288C01FF47953000DBC7A /* FVPlayerTests */,
				6A8288CB1FF47953000DBC7A /* FVPlayerUITests */,
				6A8288AC1FF47952000DBC7A /* Products */,
			);
			sourceTree = "<group>";
		};
		6A8288AC1FF47952000DBC7A /* Products */ = {
			isa = PBXGroup;
			children = (
				6A8288AB1FF47952000DBC7A /* FVPlayer.app */,
				6A8288BD1FF47953000DBC7A /* FVPlayerTests.xctest */,
				6A8288C81FF47953000DBC7A /* FVPlayerUITests.xctest */,
			);
			name = Products;
			sourceTree = "<group>";
		};
		6A8288AD1FF47952000DBC7A /* FVPlayer */ = {
			isa = PBXGroup;
			children = (
				6A8288AE1FF47952000DBC7A /* AppDelegate.swift */,
				6A8288B01FF47952000DBC7A /* ViewController.swift */,
				6A8288B21FF47952000DBC7A /* Assets.xcassets */,
				6A8288B41FF47952000DBC7A /* Main.storyboard */,
				6A8288B71FF47952000DBC7A /* Info.plist */,
				6A8288B81FF47952000DBC7A /* FVPlayer.entitlements */,
				6A8288DA1FF47B03000DBC7A /* happy.jpg */,
			);
			path = FVPlayer;
			sourceTree = "<group>";
		};
		6A8288C01FF47953000DBC7A /* FVPlayerTests */ = {
			isa = PBXGroup;
			children = (
				6A8288C11FF47953000DBC7A /* FVPlayerTests.swift */,
				6A8288C31FF47953000DBC7A /* Info.plist */,
			);
			path = FVPlayerTests;
			sourceTree = "<group>";
		};
		6A8288CB1FF47953000DBC7A /* FVPlayerUITests */ = {
			isa = PBXGroup;
			children = (
				6A8288CC1FF47953000DBC7A /* FVPlayerUITests.swift */,
				6A8288CE1FF47953000DBC7A /* Info.plist */,
			);
			path = FVPlayerUITests;
			sourceTree = "<group>";
		};
/* End PBXGroup section */

/* Begin PBXNativeTarget section */
		6A8288AA1FF47952000DBC7A /* FVPlayer */ = {
			isa = PBXNativeTarget;
			buildConfigurationList = 6A8288D11FF47953000DBC7A /* Build configuration list for PBXNativeTarget "FVPlayer" */;
			buildPhases = (
				6A8288A71FF47952000DBC7A /* Sources */,
				6A8288A81FF47952000DBC7A /* Frameworks */,
				6A8288A91FF47952000DBC7A /* Resources */,
			);
			buildRules = (
			);
			dependencies = (
			);
			name = FVPlayer;
			productName = FVPlayer;
			productReference = 6A8288AB1FF47952000DBC7A /* FVPlayer.app */;
			productType = "com.apple.product-type.application";
		};
		6A8288BC1FF47953000DBC7A /* FVPlayerTests */ = {
			isa = PBXNativeTarget;
			buildConfigurationList = 6A8288D41FF47953000DBC7A /* Build configuration list for PBXNativeTarget "FVPlayerTests" */;
			buildPhases = (
				6A8288B91FF47953000DBC7A /* Sources */,
				6A8288BA1FF47953000DBC7A /* Frameworks */,
				6A8288BB1FF47953000DBC7A /* Resources */,
			);
			buildRules = (
			);
			dependencies = (
				6A8288BF1FF47953000DBC7A /* PBXTargetDependency */,
			);
			name = FVPlayerTests;
			productName = FVPlayerTests;
			productReference = 6A8288BD1FF47953000DBC7A /* FVPlayerTests.xctest */;
			productType = "com.apple.product-type.bundle.unit-test";
		};
		6A8288C71FF47953000DBC7A /* FVPlayerUITests */ = {
			isa = PBXNativeTarget;
			buildConfigurationList = 6A8288D71FF47953000DBC7A /* Build configuration list for PBXNativeTarget "FVPlayerUITests" */;
			buildPhases = (
				6A8288C41FF47953000DBC7A /* Sources */,
				6A8288C51FF47953000DBC7A /* Frameworks */,
				6A8288C61FF47953000DBC7A /* Resources */,
			);
			buildRules = (
			);
			dependencies = (
				6A8288CA1FF47953000DBC7A /* PBXTargetDependency */,
			);
			name = FVPlayerUITests;
			productName = FVPlayerUITests;
			productReference = 6A8288C81FF47953000DBC7A /* FVPlayerUITests.xctest */;
			productType = "com.apple.product-type.bundle.ui-testing";
		};
/* End PBXNativeTarget section */

/* Begin PBXProject section */
		6A8288A31FF47952000DBC7A /* Project object */ = {
			isa = PBXProject;
			attributes = {
				LastSwiftUpdateCheck = 0920;
				LastUpgradeCheck = 0920;
				ORGANIZATIONNAME = "李杰";
				TargetAttributes = {
					6A8288AA1FF47952000DBC7A = {
						CreatedOnToolsVersion = 9.2;
						ProvisioningStyle = Automatic;
					};
					6A8288BC1FF47953000DBC7A = {
						CreatedOnToolsVersion = 9.2;
						ProvisioningStyle = Automatic;
						TestTargetID = 6A8288AA1FF47952000DBC7A;
					};
					6A8288C71FF47953000DBC7A = {
						CreatedOnToolsVersion = 9.2;
						ProvisioningStyle = Automatic;
						TestTargetID = 6A8288AA1FF47952000DBC7A;
					};
				};
			};
			buildConfigurationList = 6A8288A61FF47952000DBC7A /* Build configuration list for PBXProject "FVPlayer" */;
			compatibilityVersion = "Xcode 8.0";
			developmentRegion = en;
			hasScannedForEncodings = 0;
			knownRegions = (
				en,
				Base,
			);
			mainGroup = 6A8288A21FF47952000DBC7A;
			productRefGroup = 6A8288AC1FF47952000DBC7A /* Products */;
			projectDirPath = "";
			projectRoot = "";
			targets = (
				6A8288AA1FF47952000DBC7A /* FVPlayer */,
				6A8288BC1FF47953000DBC7A /* FVPlayerTests */,
				6A8288C71FF47953000DBC7A /* FVPlayerUITests */,
			);
		};
/* End PBXProject section */

/* Begin PBXResourcesBuildPhase section */
		6A8288A91FF47952000DBC7A /* Resources */ = {
			isa = PBXResourcesBuildPhase;
			buildActionMask = 2147483647;
			files = (
				6A8288B31FF47952000DBC7A /* Assets.xcassets in Resources */,
				6A8288B61FF47952000DBC7A /* Main.storyboard in Resources */,
				6A8288DB1FF47B03000DBC7A /* happy.jpg in Resources */,
			);
			runOnlyForDeploymentPostprocessing = 0;
		};
		6A8288BB1FF47953000DBC7A /* Resources */ = {
			isa = PBXResourcesBuildPhase;
			buildActionMask = 2147483647;
			files = (
			);
			runOnlyForDeploymentPostprocessing = 0;
		};
		6A8288C61FF47953000DBC7A /* Resources */ = {
			isa = PBXResourcesBuildPhase;
			buildActionMask = 2147483647;
			files = (
			);
			runOnlyForDeploymentPostprocessing = 0;
		};
/* End PBXResourcesBuildPhase section */

/* Begin PBXSourcesBuildPhase section */
		6A8288A71FF47952000DBC7A /* Sources */ = {
			isa = PBXSourcesBuildPhase;
			buildActionMask = 2147483647;
			files = (
				6A8288B11FF47952000DBC7A /* ViewController.swift in Sources */,
				6A8288AF1FF47952000DBC7A /* AppDelegate.swift in Sources */,
			);
			runOnlyForDeploymentPostprocessing = 0;
		};
		6A8288B91FF47953000DBC7A /* Sources */ = {
			isa = PBXSourcesBuildPhase;
			buildActionMask = 2147483647;
			files = (
				6A8288C21FF47953000DBC7A /* FVPlayerTests.swift in Sources */,
			);
			runOnlyForDeploymentPostprocessing = 0;
		};
		6A8288C41FF47953000DBC7A /* Sources */ = {
			isa = PBXSourcesBuildPhase;
			buildActionMask = 2147483647;
			files = (
				6A8288CD1FF47953000DBC7A /* FVPlayerUITests.swift in Sources */,
			);
			runOnlyForDeploymentPostprocessing = 0;
		};
/* End PBXSourcesBuildPhase section */

/* Begin PBXTargetDependency section */
		6A8288BF1FF47953000DBC7A /* PBXTargetDependency */ = {
			isa = PBXTargetDependency;
			target = 6A8288AA1FF47952000DBC7A /* FVPlayer */;
			targetProxy = 6A8288BE1FF47953000DBC7A /* PBXContainerItemProxy */;
		};
		6A8288CA1FF47953000DBC7A /* PBXTargetDependency */ = {
			isa = PBXTargetDependency;
			target = 6A8288AA1FF47952000DBC7A /* FVPlayer */;
			targetProxy = 6A8288C91FF47953000DBC7A /* PBXContainerItemProxy */;
		};
/* End PBXTargetDependency section */

/* Begin PBXVariantGroup section */
		6A8288B41FF47952000DBC7A /* Main.storyboard */ = {
			isa = PBXVariantGroup;
			children = (
				6A8288B51FF47952000DBC7A /* Base */,
			);
			name = Main.storyboard;
			sourceTree = "<group>";
		};
/* End PBXVariantGroup section */

/* Begin XCBuildConfiguration section */
		6A8288CF1FF47953000DBC7A /* Debug */ = {
			isa = XCBuildConfiguration;
			buildSettings = {
				ALWAYS_SEARCH_USER_PATHS = NO;
				CLANG_ANALYZER_NONNULL = YES;
				CLANG_ANALYZER_NUMBER_OBJECT_CONVERSION = YES_AGGRESSIVE;
				CLANG_CXX_LANGUAGE_STANDARD = "gnu++14";
				CLANG_CXX_LIBRARY = "libc++";
				CLANG_ENABLE_MODULES = YES;
				CLANG_ENABLE_OBJC_ARC = YES;
				CLANG_WARN_BLOCK_CAPTURE_AUTORELEASING = YES;
				CLANG_WARN_BOOL_CONVERSION = YES;
				CLANG_WARN_COMMA = YES;
				CLANG_WARN_CONSTANT_CONVERSION = YES;
				CLANG_WARN_DIRECT_OBJC_ISA_USAGE = YES_ERROR;
				CLANG_WARN_DOCUMENTATION_COMMENTS = YES;
				CLANG_WARN_EMPTY_BODY = YES;
				CLANG_WARN_ENUM_CONVERSION = YES;
				CLANG_WARN_INFINITE_RECURSION = YES;
				CLANG_WARN_INT_CONVERSION = YES;
				CLANG_WARN_NON_LITERAL_NULL_CONVERSION = YES;
				CLANG_WARN_OBJC_LITERAL_CONVERSION = YES;
				CLANG_WARN_OBJC_ROOT_CLASS = YES_ERROR;
				CLANG_WARN_RANGE_LOOP_ANALYSIS = YES;
				CLANG_WARN_STRICT_PROTOTYPES = YES;
				CLANG_WARN_SUSPICIOUS_MOVE = YES;
				CLANG_WARN_UNGUARDED_AVAILABILITY = YES_AGGRESSIVE;
				CLANG_WARN_UNREACHABLE_CODE = YES;
				CLANG_WARN__DUPLICATE_METHOD_MATCH = YES;
				CODE_SIGN_IDENTITY = "Mac Developer";
				COPY_PHASE_STRIP = NO;
				DEBUG_INFORMATION_FORMAT = dwarf;
				ENABLE_STRICT_OBJC_MSGSEND = YES;
				ENABLE_TESTABILITY = YES;
				GCC_C_LANGUAGE_STANDARD = gnu11;
				GCC_DYNAMIC_NO_PIC = NO;
				GCC_NO_COMMON_BLOCKS = YES;
				GCC_OPTIMIZATION_LEVEL = 0;
				GCC_PREPROCESSOR_DEFINITIONS = (
					"DEBUG=1",
					"$(inherited)",
				);
				GCC_WARN_64_TO_32_BIT_CONVERSION = YES;
				GCC_WARN_ABOUT_RETURN_TYPE = YES_ERROR;
				GCC_WARN_UNDECLARED_SELECTOR = YES;
				GCC_WARN_UNINITIALIZED_AUTOS = YES_AGGRESSIVE;
				GCC_WARN_UNUSED_FUNCTION = YES;
				GCC_WARN_UNUSED_VARIABLE = YES;
				MACOSX_DEPLOYMENT_TARGET = 10.13;
				MTL_ENABLE_DEBUG_INFO = YES;
				ONLY_ACTIVE_ARCH = YES;
				SDKROOT = macosx;
				SWIFT_ACTIVE_COMPILATION_CONDITIONS = DEBUG;
				SWIFT_OPTIMIZATION_LEVEL = "-Onone";
			};
			name = Debug;
		};
		6A8288D01FF47953000DBC7A /* Release */ = {
			isa = XCBuildConfiguration;
			buildSettings = {
				ALWAYS_SEARCH_USER_PATHS = NO;
				CLANG_ANALYZER_NONNULL = YES;
				CLANG_ANALYZER_NUMBER_OBJECT_CONVERSION = YES_AGGRESSIVE;
				CLANG_CXX_LANGUAGE_STANDARD = "gnu++14";
				CLANG_CXX_LIBRARY = "libc++";
				CLANG_ENABLE_MODULES = YES;
				CLANG_ENABLE_OBJC_ARC = YES;
				CLANG_WARN_BLOCK_CAPTURE_AUTORELEASING = YES;
				CLANG_WARN_BOOL_CONVERSION = YES;
				CLANG_WARN_COMMA = YES;
				CLANG_WARN_CONSTANT_CONVERSION = YES;
				CLANG_WARN_DIRECT_OBJC_ISA_USAGE = YES_ERROR;
				CLANG_WARN_DOCUMENTATION_COMMENTS = YES;
				CLANG_WARN_EMPTY_BODY = YES;
				CLANG_WARN_ENUM_CONVERSION = YES;
				CLANG_WARN_INFINITE_RECURSION = YES;
				CLANG_WARN_INT_CONVERSION = YES;
				CLANG_WARN_NON_LITERAL_NULL_CONVERSION = YES;
				CLANG_WARN_OBJC_LITERAL_CONVERSION = YES;
				CLANG_WARN_OBJC_ROOT_CLASS = YES_ERROR;
				CLANG_WARN_RANGE_LOOP_ANALYSIS = YES;
				CLANG_WARN_STRICT_PROTOTYPES = YES;
				CLANG_WARN_SUSPICIOUS_MOVE = YES;
				CLANG_WARN_UNGUARDED_AVAILABILITY = YES_AGGRESSIVE;
				CLANG_WARN_UNREACHABLE_CODE = YES;
				CLANG_WARN__DUPLICATE_METHOD_MATCH = YES;
				CODE_SIGN_IDENTITY = "Mac Developer";
				COPY_PHASE_STRIP = NO;
				DEBUG_INFORMATION_FORMAT = "dwarf-with-dsym";
				ENABLE_NS_ASSERTIONS = NO;
				ENABLE_STRICT_OBJC_MSGSEND = YES;
				GCC_C_LANGUAGE_STANDARD = gnu11;
				GCC_NO_COMMON_BLOCKS = YES;
				GCC_WARN_64_TO_32_BIT_CONVERSION = YES;
				GCC_WARN_ABOUT_RETURN_TYPE = YES_ERROR;
				GCC_WARN_UNDECLARED_SELECTOR = YES;
				GCC_WARN_UNINITIALIZED_AUTOS = YES_AGGRESSIVE;
				GCC_WARN_UNUSED_FUNCTION = YES;
				GCC_WARN_UNUSED_VARIABLE = YES;
				MACOSX_DEPLOYMENT_TARGET = 10.13;
				MTL_ENABLE_DEBUG_INFO = NO;
				SDKROOT = macosx;
				SWIFT_OPTIMIZATION_LEVEL = "-Owholemodule";
			};
			name = Release;
		};
		6A8288D21FF47953000DBC7A /* Debug */ = {
			isa = XCBuildConfiguration;
			buildSettings = {
				ASSETCATALOG_COMPILER_APPICON_NAME = AppIcon;
				CODE_SIGN_ENTITLEMENTS = FVPlayer/FVPlayer.entitlements;
				CODE_SIGN_STYLE = Automatic;
				COMBINE_HIDPI_IMAGES = YES;
				DEVELOPMENT_TEAM = 9622PG928E;
				INFOPLIST_FILE = FVPlayer/Info.plist;
				LD_RUNPATH_SEARCH_PATHS = "$(inherited) @executable_path/../Frameworks";
				PRODUCT_BUNDLE_IDENTIFIER = com.coderjacklee.FVPlayer;
				PRODUCT_NAME = "$(TARGET_NAME)";
				SWIFT_VERSION = 4.0;
			};
			name = Debug;
		};
		6A8288D31FF47953000DBC7A /* Release */ = {
			isa = XCBuildConfiguration;
			buildSettings = {
				ASSETCATALOG_COMPILER_APPICON_NAME = AppIcon;
				CODE_SIGN_ENTITLEMENTS = FVPlayer/FVPlayer.entitlements;
				CODE_SIGN_STYLE = Automatic;
				COMBINE_HIDPI_IMAGES = YES;
				DEVELOPMENT_TEAM = 9622PG928E;
				INFOPLIST_FILE = FVPlayer/Info.plist;
				LD_RUNPATH_SEARCH_PATHS = "$(inherited) @executable_path/../Frameworks";
				PRODUCT_BUNDLE_IDENTIFIER = com.coderjacklee.FVPlayer;
				PRODUCT_NAME = "$(TARGET_NAME)";
				SWIFT_VERSION = 4.0;
			};
			name = Release;
		};
		6A8288D51FF47953000DBC7A /* Debug */ = {
			isa = XCBuildConfiguration;
			buildSettings = {
				ALWAYS_EMBED_SWIFT_STANDARD_LIBRARIES = YES;
				BUNDLE_LOADER = "$(TEST_HOST)";
				CODE_SIGN_STYLE = Automatic;
				COMBINE_HIDPI_IMAGES = YES;
				DEVELOPMENT_TEAM = 9622PG928E;
				INFOPLIST_FILE = FVPlayerTests/Info.plist;
				LD_RUNPATH_SEARCH_PATHS = "$(inherited) @executable_path/../Frameworks @loader_path/../Frameworks";
				PRODUCT_BUNDLE_IDENTIFIER = com.coderjacklee.FVPlayerTests;
				PRODUCT_NAME = "$(TARGET_NAME)";
				SWIFT_VERSION = 4.0;
				TEST_HOST = "$(BUILT_PRODUCTS_DIR)/FVPlayer.app/Contents/MacOS/FVPlayer";
			};
			name = Debug;
		};
		6A8288D61FF47953000DBC7A /* Release */ = {
			isa = XCBuildConfiguration;
			buildSettings = {
				ALWAYS_EMBED_SWIFT_STANDARD_LIBRARIES = YES;
				BUNDLE_LOADER = "$(TEST_HOST)";
				CODE_SIGN_STYLE = Automatic;
				COMBINE_HIDPI_IMAGES = YES;
				DEVELOPMENT_TEAM = 9622PG928E;
				INFOPLIST_FILE = FVPlayerTests/Info.plist;
				LD_RUNPATH_SEARCH_PATHS = "$(inherited) @executable_path/../Frameworks @loader_path/../Frameworks";
				PRODUCT_BUNDLE_IDENTIFIER = com.coderjacklee.FVPlayerTests;
				PRODUCT_NAME = "$(TARGET_NAME)";
				SWIFT_VERSION = 4.0;
				TEST_HOST = "$(BUILT_PRODUCTS_DIR)/FVPlayer.app/Contents/MacOS/FVPlayer";
			};
			name = Release;
		};
		6A8288D81FF47953000DBC7A /* Debug */ = {
			isa = XCBuildConfiguration;
			buildSettings = {
				ALWAYS_EMBED_SWIFT_STANDARD_LIBRARIES = YES;
				CODE_SIGN_STYLE = Automatic;
				COMBINE_HIDPI_IMAGES = YES;
				DEVELOPMENT_TEAM = 9622PG928E;
				INFOPLIST_FILE = FVPlayerUITests/Info.plist;
				LD_RUNPATH_SEARCH_PATHS = "$(inherited) @executable_path/../Frameworks @loader_path/../Frameworks";
				PRODUCT_BUNDLE_IDENTIFIER = com.coderjacklee.FVPlayerUITests;
				PRODUCT_NAME = "$(TARGET_NAME)";
				SWIFT_VERSION = 4.0;
				TEST_TARGET_NAME = FVPlayer;
			};
			name = Debug;
		};
		6A8288D91FF47953000DBC7A /* Release */ = {
			isa = XCBuildConfiguration;
			buildSettings = {
				ALWAYS_EMBED_SWIFT_STANDARD_LIBRARIES = YES;
				CODE_SIGN_STYLE = Automatic;
				COMBINE_HIDPI_IMAGES = YES;
				DEVELOPMENT_TEAM = 9622PG928E;
				INFOPLIST_FILE = FVPlayerUITests/Info.plist;
				LD_RUNPATH_SEARCH_PATHS = "$(inherited) @executable_path/../Frameworks @loader_path/../Frameworks";
				PRODUCT_BUNDLE_IDENTIFIER = com.coderjacklee.FVPlayerUITests;
				PRODUCT_NAME = "$(TARGET_NAME)";
				SWIFT_VERSION = 4.0;
				TEST_TARGET_NAME = FVPlayer;
			};
			name = Release;
		};
/* End XCBuildConfiguration section */

/* Begin XCConfigurationList section */
		6A8288A61FF47952000DBC7A /* Build configuration list for PBXProject "FVPlayer" */ = {
			isa = XCConfigurationList;
			buildConfigurations = (
				6A8288CF1FF47953000DBC7A /* Debug */,
				6A8288D01FF47953000DBC7A /* Release */,
			);
			defaultConfigurationIsVisible = 0;
			defaultConfigurationName = Release;
		};
		6A8288D11FF47953000DBC7A /* Build configuration list for PBXNativeTarget "FVPlayer" */ = {
			isa = XCConfigurationList;
			buildConfigurations = (
				6A8288D21FF47953000DBC7A /* Debug */,
				6A8288D31FF47953000DBC7A /* Release */,
			);
			defaultConfigurationIsVisible = 0;
			defaultConfigurationName = Release;
		};
		6A8288D41FF47953000DBC7A /* Build configuration list for PBXNativeTarget "FVPlayerTests" */ = {
			isa = XCConfigurationList;
			buildConfigurations = (
				6A8288D51FF47953000DBC7A /* Debug */,
				6A8288D61FF47953000DBC7A /* Release */,
			);
			defaultConfigurationIsVisible = 0;
			defaultConfigurationName = Release;
		};
		6A8288D71FF47953000DBC7A /* Build configuration list for PBXNativeTarget "FVPlayerUITests" */ = {
			isa = XCConfigurationList;
			buildConfigurations = (
				6A8288D81FF47953000DBC7A /* Debug */,
				6A8288D91FF47953000DBC7A /* Release */,
			);
			defaultConfigurationIsVisible = 0;
			defaultConfigurationName = Release;
		};
/* End XCConfigurationList section */
	};
	rootObject = 6A8288A31FF47952000DBC7A /* Project object */;
}
